
Microsoft Visual Studio Solution File, Format Version 12.00
# Visual Studio Version 16
VisualStudioVersion = 16.0.29613.14
MinimumVisualStudioVersion = 10.0.40219.1
Project("{FAE04EC0-301F-11D3-BF4B-00C04F79EFBC}") = "CameraCardPhotoCopier", "CameraCardPhotoCopier.csproj", "{27D8E746-F705-462A-806A-0B227D6536C9}"
EndProject
Global
	GlobalSection(SolutionConfigurationPlatforms) = preSolution
		Debug|Any CPU = Debug|Any CPU
		Release|Any CPU = Release|Any CPU
	EndGlobalSection
	GlobalSection(ProjectConfigurationPlatforms) = postSolution
		{27D8E746-F705-462A-806A-0B227D6536C9}.Debug|Any CPU.ActiveCfg = Debug|Any CPU
		{27D8E746-F705-462A-806A-0B227D6536C9}.Debug|Any CPU.Build.0 = Debug|Any CPU
		{27D8E746-F705-462A-806A-0B227D6536C9}.Release|Any CPU.ActiveCfg = Release|Any CPU
		{27D8E746-F705-462A-806A-0B227D6536C9}.Release|Any CPU.Build.0 = Release|Any CPU
	EndGlobalSection
	GlobalSection(SolutionProperties) = preSolution
		HideSolutionNode = FALSE
	EndGlobalSection
	GlobalSection(ExtensibilityGlobals) = postSolution
		SolutionGuid = {9F1A0C7C-2FE2-481E-BA3A-5F8EE373D915}
	EndGlobalSection
EndGlobal
